// !$*UTF8*$!
{
	archiveVersion = 1;
	classes = {
	};
	objectVersion = 77;
	objects = {

/* Begin PBXBuildFile section */
		13B80F1C36F9275E4E8303BC /* ISSConstants.swift in Sources */ = {isa = PBXBuildFile; fileRef = A7EFEDD6CCBC3D25930E4B46 /* ISSConstants.swift */; };
		3C9AF31D36F2FE0E1E1BFCC0 /* LoginItemManager.swift in Sources */ = {isa = PBXBuildFile; fileRef = 9A644C635DC6F603BA9E8C6D /* LoginItemManager.swift */; };
		44519E4BFA7E9626076A6B9F /* InputPermissionManager.swift in Sources */ = {isa = PBXBuildFile; fileRef = D5E5DA8AF14C7576C94EF787 /* InputPermissionManager.swift */; };
		4E4AFD8E85414F412983AB6A /* issctl in Resources */ = {isa = PBXBuildFile; fileRef = 2E41349AEA8B8025D38AB462 /* issctl */; settings = {ATTRIBUTES = (RemoveHeadersOnCopy, ); }; };
		77E12B716E4DB44ADCD7CEFD /* AppModel.swift in Sources */ = {isa = PBXBuildFile; fileRef = C10EE722A89868758C04905A /* AppModel.swift */; };
		7829C9F59641B564247BD90A /* ISSApp.swift in Sources */ = {isa = PBXBuildFile; fileRef = A7C82FBBDF97609AD2A32906 /* ISSApp.swift */; };
		7ECAD8A75D05F06B43E4A968 /* CommandReceiver.swift in Sources */ = {isa = PBXBuildFile; fileRef = 7D9C83C690DC146B3F7BEA59 /* CommandReceiver.swift */; };
		91261DE9E00C1EF2B1B71F7D /* SpaceSwitcher.swift in Sources */ = {isa = PBXBuildFile; fileRef = 696E9D3D4C76DD4D59062FE8 /* SpaceSwitcher.swift */; };
		930B9DCB9428D262C6F98814 /* CLIInstaller.swift in Sources */ = {isa = PBXBuildFile; fileRef = A83D75317A2FCA70FE80807A /* CLIInstaller.swift */; };
		AFA2AB773F84A4BD83D385BA /* PrivilegedRunner.m in Sources */ = {isa = PBXBuildFile; fileRef = FE248337F4CBAF47D695F4C4 /* PrivilegedRunner.m */; };
		CC97B3D2A7E4C9F77DA3E475 /* ISSConstants.swift in Sources */ = {isa = PBXBuildFile; fileRef = A7EFEDD6CCBC3D25930E4B46 /* ISSConstants.swift */; };
		D632BEE2DA5179006F6DA1A9 /* main.swift in Sources */ = {isa = PBXBuildFile; fileRef = DE539CC5C3C8D25FEF154565 /* main.swift */; };
		E9F1CEB2323AD88A62BC1343 /* ContentView.swift in Sources */ = {isa = PBXBuildFile; fileRef = 374BC4A7280BAD177238F003 /* ContentView.swift */; };
/* End PBXBuildFile section */

/* Begin PBXContainerItemProxy section */
		7CF2313862F77F797D1EC148 /* PBXContainerItemProxy */ = {
			isa = PBXContainerItemProxy;
			containerPortal = E9026931144F1B02BB4D1045 /* Project object */;
			proxyType = 1;
			remoteGlobalIDString = A47C11C0E2865CBA3DF9DD5B;
			remoteInfo = ISSCLI;
		};
/* End PBXContainerItemProxy section */

/* Begin PBXFileReference section */
		00A8C7AE336F14A713555996 /* PrivilegedRunner.h */ = {isa = PBXFileReference; lastKnownFileType = sourcecode.c.h; path = PrivilegedRunner.h; sourceTree = "<group>"; };
		2E41349AEA8B8025D38AB462 /* issctl */ = {isa = PBXFileReference; explicitFileType = "compiled.mach-o.executable"; includeInIndex = 0; path = issctl; sourceTree = BUILT_PRODUCTS_DIR; };
		374BC4A7280BAD177238F003 /* ContentView.swift */ = {isa = PBXFileReference; lastKnownFileType = sourcecode.swift; path = ContentView.swift; sourceTree = "<group>"; };
		696E9D3D4C76DD4D59062FE8 /* SpaceSwitcher.swift */ = {isa = PBXFileReference; lastKnownFileType = sourcecode.swift; path = SpaceSwitcher.swift; sourceTree = "<group>"; };
		77DD52ABFCA78EE1FE5856E8 /* ISSApp.app */ = {isa = PBXFileReference; explicitFileType = wrapper.application; includeInIndex = 0; path = ISSApp.app; sourceTree = BUILT_PRODUCTS_DIR; };
		7D9C83C690DC146B3F7BEA59 /* CommandReceiver.swift */ = {isa = PBXFileReference; lastKnownFileType = sourcecode.swift; path = CommandReceiver.swift; sourceTree = "<group>"; };
		9A644C635DC6F603BA9E8C6D /* LoginItemManager.swift */ = {isa = PBXFileReference; lastKnownFileType = sourcecode.swift; path = LoginItemManager.swift; sourceTree = "<group>"; };
		A7C82FBBDF97609AD2A32906 /* ISSApp.swift */ = {isa = PBXFileReference; lastKnownFileType = sourcecode.swift; path = ISSApp.swift; sourceTree = "<group>"; };
		A7EFEDD6CCBC3D25930E4B46 /* ISSConstants.swift */ = {isa = PBXFileReference; lastKnownFileType = sourcecode.swift; path = ISSConstants.swift; sourceTree = "<group>"; };
		A83D75317A2FCA70FE80807A /* CLIInstaller.swift */ = {isa = PBXFileReference; lastKnownFileType = sourcecode.swift; path = CLIInstaller.swift; sourceTree = "<group>"; };
		C10EE722A89868758C04905A /* AppModel.swift */ = {isa = PBXFileReference; lastKnownFileType = sourcecode.swift; path = AppModel.swift; sourceTree = "<group>"; };
		CDE2FB487DF489D36DA9AFD3 /* ISSApp-Bridging-Header.h */ = {isa = PBXFileReference; lastKnownFileType = sourcecode.c.h; path = "ISSApp-Bridging-Header.h"; sourceTree = "<group>"; };
		D5E5DA8AF14C7576C94EF787 /* InputPermissionManager.swift */ = {isa = PBXFileReference; lastKnownFileType = sourcecode.swift; path = InputPermissionManager.swift; sourceTree = "<group>"; };
		DE539CC5C3C8D25FEF154565 /* main.swift */ = {isa = PBXFileReference; lastKnownFileType = sourcecode.swift; path = main.swift; sourceTree = "<group>"; };
		FE248337F4CBAF47D695F4C4 /* PrivilegedRunner.m */ = {isa = PBXFileReference; lastKnownFileType = sourcecode.c.objc; path = PrivilegedRunner.m; sourceTree = "<group>"; };
/* End PBXFileReference section */

/* Begin PBXGroup section */
		304D7B289B6104B98AB1CB6B = {
			isa = PBXGroup;
			children = (
				5A88E7D8E751C2F6957CDE5A /* Sources */,
				414A9714AD20742B612895D8 /* Products */,
			);
			sourceTree = "<group>";
		};
		414A9714AD20742B612895D8 /* Products */ = {
			isa = PBXGroup;
			children = (
				77DD52ABFCA78EE1FE5856E8 /* ISSApp.app */,
				2E41349AEA8B8025D38AB462 /* issctl */,
			);
			name = Products;
			sourceTree = "<group>";
		};
		5A88E7D8E751C2F6957CDE5A /* Sources */ = {
			isa = PBXGroup;
			children = (
				5D1B852B82D4B98EB83191D6 /* ISSApp */,
				D8AE2F0D5E956FD77EC8C724 /* ISSCLI */,
				6F9A1F01400E09567E1C3958 /* Shared */,
			);
			path = Sources;
			sourceTree = "<group>";
		};
		5D1B852B82D4B98EB83191D6 /* ISSApp */ = {
			isa = PBXGroup;
			children = (
				C10EE722A89868758C04905A /* AppModel.swift */,
				A83D75317A2FCA70FE80807A /* CLIInstaller.swift */,
				7D9C83C690DC146B3F7BEA59 /* CommandReceiver.swift */,
				374BC4A7280BAD177238F003 /* ContentView.swift */,
				D5E5DA8AF14C7576C94EF787 /* InputPermissionManager.swift */,
				CDE2FB487DF489D36DA9AFD3 /* ISSApp-Bridging-Header.h */,
				A7C82FBBDF97609AD2A32906 /* ISSApp.swift */,
				9A644C635DC6F603BA9E8C6D /* LoginItemManager.swift */,
				00A8C7AE336F14A713555996 /* PrivilegedRunner.h */,
				FE248337F4CBAF47D695F4C4 /* PrivilegedRunner.m */,
				696E9D3D4C76DD4D59062FE8 /* SpaceSwitcher.swift */,
			);
			path = ISSApp;
			sourceTree = "<group>";
		};
		6F9A1F01400E09567E1C3958 /* Shared */ = {
			isa = PBXGroup;
			children = (
				A7EFEDD6CCBC3D25930E4B46 /* ISSConstants.swift */,
			);
			path = Shared;
			sourceTree = "<group>";
		};
		D8AE2F0D5E956FD77EC8C724 /* ISSCLI */ = {
			isa = PBXGroup;
			children = (
				DE539CC5C3C8D25FEF154565 /* main.swift */,
			);
			path = ISSCLI;
			sourceTree = "<group>";
		};
/* End PBXGroup section */

/* Begin PBXNativeTarget section */
		4EE3738CCA528EC79F2B82DC /* ISSApp */ = {
			isa = PBXNativeTarget;
			buildConfigurationList = 32D8C2F5607CB535C49604E0 /* Build configuration list for PBXNativeTarget "ISSApp" */;
			buildPhases = (
				B66FC70B9B1B512883F7E7A7 /* Sources */,
				8B45AE2D8E2DA2F3A90B4C35 /* Resources */,
			);
			buildRules = (
			);
			dependencies = (
				84B94B8C09550551247EC5C6 /* PBXTargetDependency */,
			);
			name = ISSApp;
			packageProductDependencies = (
			);
			productName = ISSApp;
			productReference = 77DD52ABFCA78EE1FE5856E8 /* ISSApp.app */;
			productType = "com.apple.product-type.application";
		};
		A47C11C0E2865CBA3DF9DD5B /* ISSCLI */ = {
			isa = PBXNativeTarget;
			buildConfigurationList = CF80ECFC3FB97FA107B094B9 /* Build configuration list for PBXNativeTarget "ISSCLI" */;
			buildPhases = (
				62CF3FAA6BE78FE043626098 /* Sources */,
			);
			buildRules = (
			);
			dependencies = (
			);
			name = ISSCLI;
			packageProductDependencies = (
			);
			productName = ISSCLI;
			productReference = 2E41349AEA8B8025D38AB462 /* issctl */;
			productType = "com.apple.product-type.tool";
		};
/* End PBXNativeTarget section */

/* Begin PBXProject section */
		E9026931144F1B02BB4D1045 /* Project object */ = {
			isa = PBXProject;
			attributes = {
				BuildIndependentTargetsInParallel = YES;
				LastUpgradeCheck = 1430;
			};
			buildConfigurationList = 81485659CF2A601BB92F2088 /* Build configuration list for PBXProject "iss" */;
			developmentRegion = en;
			hasScannedForEncodings = 0;
			knownRegions = (
				Base,
				en,
			);
			mainGroup = 304D7B289B6104B98AB1CB6B;
			minimizedProjectReferenceProxies = 1;
			preferredProjectObjectVersion = 77;
			productRefGroup = 414A9714AD20742B612895D8 /* Products */;
			projectDirPath = "";
			projectRoot = "";
			targets = (
				4EE3738CCA528EC79F2B82DC /* ISSApp */,
				A47C11C0E2865CBA3DF9DD5B /* ISSCLI */,
			);
		};
/* End PBXProject section */

/* Begin PBXResourcesBuildPhase section */
		8B45AE2D8E2DA2F3A90B4C35 /* Resources */ = {
			isa = PBXResourcesBuildPhase;
			buildActionMask = 2147483647;
			files = (
				4E4AFD8E85414F412983AB6A /* issctl in Resources */,
			);
			runOnlyForDeploymentPostprocessing = 0;
		};
/* End PBXResourcesBuildPhase section */

/* Begin PBXSourcesBuildPhase section */
		62CF3FAA6BE78FE043626098 /* Sources */ = {
			isa = PBXSourcesBuildPhase;
			buildActionMask = 2147483647;
			files = (
				13B80F1C36F9275E4E8303BC /* ISSConstants.swift in Sources */,
				D632BEE2DA5179006F6DA1A9 /* main.swift in Sources */,
			);
			runOnlyForDeploymentPostprocessing = 0;
		};
		B66FC70B9B1B512883F7E7A7 /* Sources */ = {
			isa = PBXSourcesBuildPhase;
			buildActionMask = 2147483647;
			files = (
				77E12B716E4DB44ADCD7CEFD /* AppModel.swift in Sources */,
				930B9DCB9428D262C6F98814 /* CLIInstaller.swift in Sources */,
				7ECAD8A75D05F06B43E4A968 /* CommandReceiver.swift in Sources */,
				E9F1CEB2323AD88A62BC1343 /* ContentView.swift in Sources */,
				7829C9F59641B564247BD90A /* ISSApp.swift in Sources */,
				CC97B3D2A7E4C9F77DA3E475 /* ISSConstants.swift in Sources */,
				44519E4BFA7E9626076A6B9F /* InputPermissionManager.swift in Sources */,
				3C9AF31D36F2FE0E1E1BFCC0 /* LoginItemManager.swift in Sources */,
				AFA2AB773F84A4BD83D385BA /* PrivilegedRunner.m in Sources */,
				91261DE9E00C1EF2B1B71F7D /* SpaceSwitcher.swift in Sources */,
			);
			runOnlyForDeploymentPostprocessing = 0;
		};
/* End PBXSourcesBuildPhase section */

/* Begin PBXTargetDependency section */
		84B94B8C09550551247EC5C6 /* PBXTargetDependency */ = {
			isa = PBXTargetDependency;
			target = A47C11C0E2865CBA3DF9DD5B /* ISSCLI */;
			targetProxy = 7CF2313862F77F797D1EC148 /* PBXContainerItemProxy */;
		};
/* End PBXTargetDependency section */

/* Begin XCBuildConfiguration section */
		027BC38E74F209C4C69647DE /* Release */ = {
			isa = XCBuildConfiguration;
			buildSettings = {
				ALWAYS_SEARCH_USER_PATHS = NO;
				CLANG_ANALYZER_NONNULL = YES;
				CLANG_ANALYZER_NUMBER_OBJECT_CONVERSION = YES_AGGRESSIVE;
				CLANG_CXX_LANGUAGE_STANDARD = "gnu++14";
				CLANG_CXX_LIBRARY = "libc++";
				CLANG_ENABLE_MODULES = YES;
				CLANG_ENABLE_OBJC_ARC = YES;
				CLANG_ENABLE_OBJC_WEAK = YES;
				CLANG_WARN_BLOCK_CAPTURE_AUTORELEASING = YES;
				CLANG_WARN_BOOL_CONVERSION = YES;
				CLANG_WARN_COMMA = YES;
				CLANG_WARN_CONSTANT_CONVERSION = YES;
				CLANG_WARN_DEPRECATED_OBJC_IMPLEMENTATIONS = YES;
				CLANG_WARN_DIRECT_OBJC_ISA_USAGE = YES_ERROR;
				CLANG_WARN_DOCUMENTATION_COMMENTS = YES;
				CLANG_WARN_EMPTY_BODY = YES;
				CLANG_WARN_ENUM_CONVERSION = YES;
				CLANG_WARN_INFINITE_RECURSION = YES;
				CLANG_WARN_INT_CONVERSION = YES;
				CLANG_WARN_NON_LITERAL_NULL_CONVERSION = YES;
				CLANG_WARN_OBJC_IMPLICIT_RETAIN_SELF = YES;
				CLANG_WARN_OBJC_LITERAL_CONVERSION = YES;
				CLANG_WARN_OBJC_ROOT_CLASS = YES_ERROR;
				CLANG_WARN_QUOTED_INCLUDE_IN_FRAMEWORK_HEADER = YES;
				CLANG_WARN_RANGE_LOOP_ANALYSIS = YES;
				CLANG_WARN_STRICT_PROTOTYPES = YES;
				CLANG_WARN_SUSPICIOUS_MOVE = YES;
				CLANG_WARN_UNGUARDED_AVAILABILITY = YES_AGGRESSIVE;
				CLANG_WARN_UNREACHABLE_CODE = YES;
				CLANG_WARN__DUPLICATE_METHOD_MATCH = YES;
				COPY_PHASE_STRIP = NO;
				DEBUG_INFORMATION_FORMAT = "dwarf-with-dsym";
				ENABLE_NS_ASSERTIONS = NO;
				ENABLE_STRICT_OBJC_MSGSEND = YES;
				GCC_C_LANGUAGE_STANDARD = gnu11;
				GCC_NO_COMMON_BLOCKS = YES;
				GCC_WARN_64_TO_32_BIT_CONVERSION = YES;
				GCC_WARN_ABOUT_RETURN_TYPE = YES_ERROR;
				GCC_WARN_UNDECLARED_SELECTOR = YES;
				GCC_WARN_UNINITIALIZED_AUTOS = YES_AGGRESSIVE;
				GCC_WARN_UNUSED_FUNCTION = YES;
				GCC_WARN_UNUSED_VARIABLE = YES;
				MACOSX_DEPLOYMENT_TARGET = 14.0;
				MTL_ENABLE_DEBUG_INFO = NO;
				MTL_FAST_MATH = YES;
				PRODUCT_BUNDLE_IDENTIFIER = "com.instant-swipe.$(PRODUCT_NAME:rfc1034identifier)";
				PRODUCT_NAME = "$(TARGET_NAME)";
				SDKROOT = macosx;
				SWIFT_COMPILATION_MODE = wholemodule;
				SWIFT_OPTIMIZATION_LEVEL = "-O";
				SWIFT_VERSION = 5.9;
			};
			name = Release;
		};
		0E1FF93C4FDE4E130F1A5F26 /* Debug */ = {
			isa = XCBuildConfiguration;
			buildSettings = {
				COMBINE_HIDPI_IMAGES = YES;
				"DEVELOPMENT_TEAM[sdk=macosx*]" = 2HCNNF2TB5;
				GENERATE_INFOPLIST_FILE = YES;
				LD_RUNPATH_SEARCH_PATHS = (
					"$(inherited)",
					"@executable_path/../Frameworks",
				);
				PRODUCT_NAME = issctl;
				SDKROOT = macosx;
			};
			name = Debug;
		};
		233D71556116702BA40754AC /* Debug */ = {
			isa = XCBuildConfiguration;
			buildSettings = {
				ASSETCATALOG_COMPILER_APPICON_NAME = AppIcon;
				COMBINE_HIDPI_IMAGES = YES;
				"DEVELOPMENT_TEAM[sdk=macosx*]" = 2HCNNF2TB5;
				GENERATE_INFOPLIST_FILE = YES;
				INFOPLIST_KEY_NSAppleEventsUsageDescription = "Switch spaces instantly.";
				INFOPLIST_KEY_NSHumanReadableCopyright = MIT;
				LD_RUNPATH_SEARCH_PATHS = (
					"$(inherited)",
					"@executable_path/../Frameworks",
				);
				PRODUCT_NAME = ISSApp;
				SDKROOT = macosx;
				SWIFT_OBJC_BRIDGING_HEADER = "Sources/ISSApp/ISSApp-Bridging-Header.h";
			};
			name = Debug;
		};
		7D79A5822754DCC8D920D698 /* Release */ = {
			isa = XCBuildConfiguration;
			buildSettings = {
				ASSETCATALOG_COMPILER_APPICON_NAME = AppIcon;
				COMBINE_HIDPI_IMAGES = YES;
				"DEVELOPMENT_TEAM[sdk=macosx*]" = 2HCNNF2TB5;
				GENERATE_INFOPLIST_FILE = YES;
				INFOPLIST_KEY_NSAppleEventsUsageDescription = "Switch spaces instantly.";
				INFOPLIST_KEY_NSHumanReadableCopyright = MIT;
				LD_RUNPATH_SEARCH_PATHS = (
					"$(inherited)",
					"@executable_path/../Frameworks",
				);
				PRODUCT_NAME = ISSApp;
				SDKROOT = macosx;
				SWIFT_OBJC_BRIDGING_HEADER = "Sources/ISSApp/ISSApp-Bridging-Header.h";
			};
			name = Release;
		};
		B03ECFE33A8C5B1E0EF9B881 /* Release */ = {
			isa = XCBuildConfiguration;
			buildSettings = {
				COMBINE_HIDPI_IMAGES = YES;
				"DEVELOPMENT_TEAM[sdk=macosx*]" = 2HCNNF2TB5;
				GENERATE_INFOPLIST_FILE = YES;
				LD_RUNPATH_SEARCH_PATHS = (
					"$(inherited)",
					"@executable_path/../Frameworks",
				);
				PRODUCT_NAME = issctl;
				SDKROOT = macosx;
			};
			name = Release;
		};
		FF6802D46EFE6F15A9C57B36 /* Debug */ = {
			isa = XCBuildConfiguration;
			buildSettings = {
				ALWAYS_SEARCH_USER_PATHS = NO;
				CLANG_ANALYZER_NONNULL = YES;
				CLANG_ANALYZER_NUMBER_OBJECT_CONVERSION = YES_AGGRESSIVE;
				CLANG_CXX_LANGUAGE_STANDARD = "gnu++14";
				CLANG_CXX_LIBRARY = "libc++";
				CLANG_ENABLE_MODULES = YES;
				CLANG_ENABLE_OBJC_ARC = YES;
				CLANG_ENABLE_OBJC_WEAK = YES;
				CLANG_WARN_BLOCK_CAPTURE_AUTORELEASING = YES;
				CLANG_WARN_BOOL_CONVERSION = YES;
				CLANG_WARN_COMMA = YES;
				CLANG_WARN_CONSTANT_CONVERSION = YES;
				CLANG_WARN_DEPRECATED_OBJC_IMPLEMENTATIONS = YES;
				CLANG_WARN_DIRECT_OBJC_ISA_USAGE = YES_ERROR;
				CLANG_WARN_DOCUMENTATION_COMMENTS = YES;
				CLANG_WARN_EMPTY_BODY = YES;
				CLANG_WARN_ENUM_CONVERSION = YES;
				CLANG_WARN_INFINITE_RECURSION = YES;
				CLANG_WARN_INT_CONVERSION = YES;
				CLANG_WARN_NON_LITERAL_NULL_CONVERSION = YES;
				CLANG_WARN_OBJC_IMPLICIT_RETAIN_SELF = YES;
				CLANG_WARN_OBJC_LITERAL_CONVERSION = YES;
				CLANG_WARN_OBJC_ROOT_CLASS = YES_ERROR;
				CLANG_WARN_QUOTED_INCLUDE_IN_FRAMEWORK_HEADER = YES;
				CLANG_WARN_RANGE_LOOP_ANALYSIS = YES;
				CLANG_WARN_STRICT_PROTOTYPES = YES;
				CLANG_WARN_SUSPICIOUS_MOVE = YES;
				CLANG_WARN_UNGUARDED_AVAILABILITY = YES_AGGRESSIVE;
				CLANG_WARN_UNREACHABLE_CODE = YES;
				CLANG_WARN__DUPLICATE_METHOD_MATCH = YES;
				COPY_PHASE_STRIP = NO;
				DEBUG_INFORMATION_FORMAT = dwarf;
				ENABLE_STRICT_OBJC_MSGSEND = YES;
				ENABLE_TESTABILITY = YES;
				GCC_C_LANGUAGE_STANDARD = gnu11;
				GCC_DYNAMIC_NO_PIC = NO;
				GCC_NO_COMMON_BLOCKS = YES;
				GCC_OPTIMIZATION_LEVEL = 0;
				GCC_PREPROCESSOR_DEFINITIONS = (
					"$(inherited)",
					"DEBUG=1",
				);
				GCC_WARN_64_TO_32_BIT_CONVERSION = YES;
				GCC_WARN_ABOUT_RETURN_TYPE = YES_ERROR;
				GCC_WARN_UNDECLARED_SELECTOR = YES;
				GCC_WARN_UNINITIALIZED_AUTOS = YES_AGGRESSIVE;
				GCC_WARN_UNUSED_FUNCTION = YES;
				GCC_WARN_UNUSED_VARIABLE = YES;
				MACOSX_DEPLOYMENT_TARGET = 14.0;
				MTL_ENABLE_DEBUG_INFO = INCLUDE_SOURCE;
				MTL_FAST_MATH = YES;
				ONLY_ACTIVE_ARCH = YES;
				PRODUCT_BUNDLE_IDENTIFIER = "com.instant-swipe.$(PRODUCT_NAME:rfc1034identifier)";
				PRODUCT_NAME = "$(TARGET_NAME)";
				SDKROOT = macosx;
				SWIFT_ACTIVE_COMPILATION_CONDITIONS = DEBUG;
				SWIFT_OPTIMIZATION_LEVEL = "-Onone";
				SWIFT_VERSION = 5.9;
			};
			name = Debug;
		};
/* End XCBuildConfiguration section */

/* Begin XCConfigurationList section */
		32D8C2F5607CB535C49604E0 /* Build configuration list for PBXNativeTarget "ISSApp" */ = {
			isa = XCConfigurationList;
			buildConfigurations = (
				233D71556116702BA40754AC /* Debug */,
				7D79A5822754DCC8D920D698 /* Release */,
			);
			defaultConfigurationIsVisible = 0;
			defaultConfigurationName = Debug;
		};
		81485659CF2A601BB92F2088 /* Build configuration list for PBXProject "iss" */ = {
			isa = XCConfigurationList;
			buildConfigurations = (
				FF6802D46EFE6F15A9C57B36 /* Debug */,
				027BC38E74F209C4C69647DE /* Release */,
			);
			defaultConfigurationIsVisible = 0;
			defaultConfigurationName = Debug;
		};
		CF80ECFC3FB97FA107B094B9 /* Build configuration list for PBXNativeTarget "ISSCLI" */ = {
			isa = XCConfigurationList;
			buildConfigurations = (
				0E1FF93C4FDE4E130F1A5F26 /* Debug */,
				B03ECFE33A8C5B1E0EF9B881 /* Release */,
			);
			defaultConfigurationIsVisible = 0;
			defaultConfigurationName = Debug;
		};
/* End XCConfigurationList section */
	};
	rootObject = E9026931144F1B02BB4D1045 /* Project object */;
}
